// !$*UTF8*$!
{
	archiveVersion = 1;
	classes = {
	};
	objectVersion = 46;
	objects = {

/* Begin PBXBuildFile section */
		5713CFE81AA5259500D65A65 /* AppDelegate.swift in Sources */ = {isa = PBXBuildFile; fileRef = 5713CFE71AA5259500D65A65 /* AppDelegate.swift */; };
		5713CFEA1AA5259500D65A65 /* ViewController.swift in Sources */ = {isa = PBXBuildFile; fileRef = 5713CFE91AA5259500D65A65 /* ViewController.swift */; };
		5713CFED1AA5259500D65A65 /* Main.storyboard in Resources */ = {isa = PBXBuildFile; fileRef = 5713CFEB1AA5259500D65A65 /* Main.storyboard */; };
		5713CFEF1AA5259500D65A65 /* Images.xcassets in Resources */ = {isa = PBXBuildFile; fileRef = 5713CFEE1AA5259500D65A65 /* Images.xcassets */; };
		5713CFF21AA5259500D65A65 /* LaunchScreen.xib in Resources */ = {isa = PBXBuildFile; fileRef = 5713CFF01AA5259500D65A65 /* LaunchScreen.xib */; };
		5713CFFE1AA5259500D65A65 /* Cat_YearsTests.swift in Sources */ = {isa = PBXBuildFile; fileRef = 5713CFFD1AA5259500D65A65 /* Cat_YearsTests.swift */; };
		5713D0081AA52A1B00D65A65 /* geetshuff.jpg in Resources */ = {isa = PBXBuildFile; fileRef = 5713D0071AA52A1B00D65A65 /* geetshuff.jpg */; };
/* End PBXBuildFile section */

/* Begin PBXContainerItemProxy section */
		5713CFF81AA5259500D65A65 /* PBXContainerItemProxy */ = {
			isa = PBXContainerItemProxy;
			containerPortal = 5713CFDA1AA5259500D65A65 /* Project object */;
			proxyType = 1;
			remoteGlobalIDString = 5713CFE11AA5259500D65A65;
			remoteInfo = "Cat Years";
		};
/* End PBXContainerItemProxy section */

/* Begin PBXFileReference section */
		5713CFE21AA5259500D65A65 /* Cat Years.app */ = {isa = PBXFileReference; explicitFileType = wrapper.application; includeInIndex = 0; path = "Cat Years.app"; sourceTree = BUILT_PRODUCTS_DIR; };
		5713CFE61AA5259500D65A65 /* Info.plist */ = {isa = PBXFileReference; lastKnownFileType = text.plist.xml; path = Info.plist; sourceTree = "<group>"; };
		5713CFE71AA5259500D65A65 /* AppDelegate.swift */ = {isa = PBXFileReference; lastKnownFileType = sourcecode.swift; path = AppDelegate.swift; sourceTree = "<group>"; };
		5713CFE91AA5259500D65A65 /* ViewController.swift */ = {isa = PBXFileReference; lastKnownFileType = sourcecode.swift; path = ViewController.swift; sourceTree = "<group>"; };
		5713CFEC1AA5259500D65A65 /* Base */ = {isa = PBXFileReference; lastKnownFileType = file.storyboard; name = Base; path = Base.lproj/Main.storyboard; sourceTree = "<group>"; };
		5713CFEE1AA5259500D65A65 /* Images.xcassets */ = {isa = PBXFileReference; lastKnownFileType = folder.assetcatalog; path = Images.xcassets; sourceTree = "<group>"; };
		5713CFF11AA5259500D65A65 /* Base */ = {isa = PBXFileReference; lastKnownFileType = file.xib; name = Base; path = Base.lproj/LaunchScreen.xib; sourceTree = "<group>"; };
		5713CFF71AA5259500D65A65 /* Cat YearsTests.xctest */ = {isa = PBXFileReference; explicitFileType = wrapper.cfbundle; includeInIndex = 0; path = "Cat YearsTests.xctest"; sourceTree = BUILT_PRODUCTS_DIR; };
		5713CFFC1AA5259500D65A65 /* Info.plist */ = {isa = PBXFileReference; lastKnownFileType = text.plist.xml; path = Info.plist; sourceTree = "<group>"; };
		5713CFFD1AA5259500D65A65 /* Cat_YearsTests.swift */ = {isa = PBXFileReference; lastKnownFileType = sourcecode.swift; path = Cat_YearsTests.swift; sourceTree = "<group>"; };
		5713D0071AA52A1B00D65A65 /* geetshuff.jpg */ = {isa = PBXFileReference; lastKnownFileType = image.jpeg; path = geetshuff.jpg; sourceTree = "<group>"; };
/* End PBXFileReference section */

/* Begin PBXFrameworksBuildPhase section */
		5713CFDF1AA5259500D65A65 /* Frameworks */ = {
			isa = PBXFrameworksBuildPhase;
			buildActionMask = 2147483647;
			files = (
			);
			runOnlyForDeploymentPostprocessing = 0;
		};
		5713CFF41AA5259500D65A65 /* Frameworks */ = {
			isa = PBXFrameworksBuildPhase;
			buildActionMask = 2147483647;
			files = (
			);
			runOnlyForDeploymentPostprocessing = 0;
		};
/* End PBXFrameworksBuildPhase section */

/* Begin PBXGroup section */
		5713CFD91AA5259500D65A65 = {
			isa = PBXGroup;
			children = (
				5713CFE41AA5259500D65A65 /* Cat Years */,
				5713CFFA1AA5259500D65A65 /* Cat YearsTests */,
				5713CFE31AA5259500D65A65 /* Products */,
			);
			sourceTree = "<group>";
		};
		5713CFE31AA5259500D65A65 /* Products */ = {
			isa = PBXGroup;
			children = (
				5713CFE21AA5259500D65A65 /* Cat Years.app */,
				5713CFF71AA5259500D65A65 /* Cat YearsTests.xctest */,
			);
			name = Products;
			sourceTree = "<group>";
		};
		5713CFE41AA5259500D65A65 /* Cat Years */ = {
			isa = PBXGroup;
			children = (
				5713CFE71AA5259500D65A65 /* AppDelegate.swift */,
				5713CFE91AA5259500D65A65 /* ViewController.swift */,
				5713CFEB1AA5259500D65A65 /* Main.storyboard */,
				5713CFEE1AA5259500D65A65 /* Images.xcassets */,
				5713D0071AA52A1B00D65A65 /* geetshuff.jpg */,
				5713CFF01AA5259500D65A65 /* LaunchScreen.xib */,
				5713CFE51AA5259500D65A65 /* Supporting Files */,
			);
			path = "Cat Years";
			sourceTree = "<group>";
		};
		5713CFE51AA5259500D65A65 /* Supporting Files */ = {
			isa = PBXGroup;
			children = (
				5713CFE61AA5259500D65A65 /* Info.plist */,
			);
			name = "Supporting Files";
			sourceTree = "<group>";
		};
		5713CFFA1AA5259500D65A65 /* Cat YearsTests */ = {
			isa = PBXGroup;
			children = (
				5713CFFD1AA5259500D65A65 /* Cat_YearsTests.swift */,
				5713CFFB1AA5259500D65A65 /* Supporting Files */,
			);
			path = "Cat YearsTests";
			sourceTree = "<group>";
		};
		5713CFFB1AA5259500D65A65 /* Supporting Files */ = {
			isa = PBXGroup;
			children = (
				5713CFFC1AA5259500D65A65 /* Info.plist */,
			);
			name = "Supporting Files";
			sourceTree = "<group>";
		};
/* End PBXGroup section */

/* Begin PBXNativeTarget section */
		5713CFE11AA5259500D65A65 /* Cat Years */ = {
			isa = PBXNativeTarget;
			buildConfigurationList = 5713D0011AA5259500D65A65 /* Build configuration list for PBXNativeTarget "Cat Years" */;
			buildPhases = (
				5713CFDE1AA5259500D65A65 /* Sources */,
				5713CFDF1AA5259500D65A65 /* Frameworks */,
				5713CFE01AA5259500D65A65 /* Resources */,
			);
			buildRules = (
			);
			dependencies = (
			);
			name = "Cat Years";
			productName = "Cat Years";
			productReference = 5713CFE21AA5259500D65A65 /* Cat Years.app */;
			productType = "com.apple.product-type.application";
		};
		5713CFF61AA5259500D65A65 /* Cat YearsTests */ = {
			isa = PBXNativeTarget;
			buildConfigurationList = 5713D0041AA5259500D65A65 /* Build configuration list for PBXNativeTarget "Cat YearsTests" */;
			buildPhases = (
				5713CFF31AA5259500D65A65 /* Sources */,
				5713CFF41AA5259500D65A65 /* Frameworks */,
				5713CFF51AA5259500D65A65 /* Resources */,
			);
			buildRules = (
			);
			dependencies = (
				5713CFF91AA5259500D65A65 /* PBXTargetDependency */,
			);
			name = "Cat YearsTests";
			productName = "Cat YearsTests";
			productReference = 5713CFF71AA5259500D65A65 /* Cat YearsTests.xctest */;
			productType = "com.apple.product-type.bundle.unit-test";
		};
/* End PBXNativeTarget section */

/* Begin PBXProject section */
		5713CFDA1AA5259500D65A65 /* Project object */ = {
			isa = PBXProject;
			attributes = {
				LastUpgradeCheck = 0610;
				ORGANIZATIONNAME = Skeyelab;
				TargetAttributes = {
					5713CFE11AA5259500D65A65 = {
						CreatedOnToolsVersion = 6.1.1;
						DevelopmentTeam = 5HR8E5CWR7;
					};
					5713CFF61AA5259500D65A65 = {
						CreatedOnToolsVersion = 6.1.1;
						DevelopmentTeam = 5HR8E5CWR7;
						TestTargetID = 5713CFE11AA5259500D65A65;
					};
				};
			};
			buildConfigurationList = 5713CFDD1AA5259500D65A65 /* Build configuration list for PBXProject "Cat Years" */;
			compatibilityVersion = "Xcode 3.2";
			developmentRegion = English;
			hasScannedForEncodings = 0;
			knownRegions = (
				en,
				Base,
			);
			mainGroup = 5713CFD91AA5259500D65A65;
			productRefGroup = 5713CFE31AA5259500D65A65 /* Products */;
			projectDirPath = "";
			projectRoot = "";
			targets = (
				5713CFE11AA5259500D65A65 /* Cat Years */,
				5713CFF61AA5259500D65A65 /* Cat YearsTests */,
			);
		};
/* End PBXProject section */

/* Begin PBXResourcesBuildPhase section */
		5713CFE01AA5259500D65A65 /* Resources */ = {
			isa = PBXResourcesBuildPhase;
			buildActionMask = 2147483647;
			files = (
				5713CFED1AA5259500D65A65 /* Main.storyboard in Resources */,
				5713D0081AA52A1B00D65A65 /* geetshuff.jpg in Resources */,
				5713CFF21AA5259500D65A65 /* LaunchScreen.xib in Resources */,
				5713CFEF1AA5259500D65A65 /* Images.xcassets in Resources */,
			);
			runOnlyForDeploymentPostprocessing = 0;
		};
		5713CFF51AA5259500D65A65 /* Resources */ = {
			isa = PBXResourcesBuildPhase;
			buildActionMask = 2147483647;
			files = (
			);
			runOnlyForDeploymentPostprocessing = 0;
		};
/* End PBXResourcesBuildPhase section */

/* Begin PBXSourcesBuildPhase section */
		5713CFDE1AA5259500D65A65 /* Sources */ = {
			isa = PBXSourcesBuildPhase;
			buildActionMask = 2147483647;
			files = (
				5713CFEA1AA5259500D65A65 /* ViewController.swift in Sources */,
				5713CFE81AA5259500D65A65 /* AppDelegate.swift in Sources */,
			);
			runOnlyForDeploymentPostprocessing = 0;
		};
		5713CFF31AA5259500D65A65 /* Sources */ = {
			isa = PBXSourcesBuildPhase;
			buildActionMask = 2147483647;
			files = (
				5713CFFE1AA5259500D65A65 /* Cat_YearsTests.swift in Sources */,
			);
			runOnlyForDeploymentPostprocessing = 0;
		};
/* End PBXSourcesBuildPhase section */

/* Begin PBXTargetDependency section */
		5713CFF91AA5259500D65A65 /* PBXTargetDependency */ = {
			isa = PBXTargetDependency;
			target = 5713CFE11AA5259500D65A65 /* Cat Years */;
			targetProxy = 5713CFF81AA5259500D65A65 /* PBXContainerItemProxy */;
		};
/* End PBXTargetDependency section */

/* Begin PBXVariantGroup section */
		5713CFEB1AA5259500D65A65 /* Main.storyboard */ = {
			isa = PBXVariantGroup;
			children = (
				5713CFEC1AA5259500D65A65 /* Base */,
			);
			name = Main.storyboard;
			sourceTree = "<group>";
		};
		5713CFF01AA5259500D65A65 /* LaunchScreen.xib */ = {
			isa = PBXVariantGroup;
			children = (
				5713CFF11AA5259500D65A65 /* Base */,
			);
			name = LaunchScreen.xib;
			sourceTree = "<group>";
		};
/* End PBXVariantGroup section */

/* Begin XCBuildConfiguration section */
		5713CFFF1AA5259500D65A65 /* Debug */ = {
			isa = XCBuildConfiguration;
			buildSettings = {
				ALWAYS_SEARCH_USER_PATHS = NO;
				CLANG_CXX_LANGUAGE_STANDARD = "gnu++0x";
				CLANG_CXX_LIBRARY = "libc++";
				CLANG_ENABLE_MODULES = YES;
				CLANG_ENABLE_OBJC_ARC = YES;
				CLANG_WARN_BOOL_CONVERSION = YES;
				CLANG_WARN_CONSTANT_CONVERSION = YES;
				CLANG_WARN_DIRECT_OBJC_ISA_USAGE = YES_ERROR;
				CLANG_WARN_EMPTY_BODY = YES;
				CLANG_WARN_ENUM_CONVERSION = YES;
				CLANG_WARN_INT_CONVERSION = YES;
				CLANG_WARN_OBJC_ROOT_CLASS = YES_ERROR;
				CLANG_WARN_UNREACHABLE_CODE = YES;
				CLANG_WARN__DUPLICATE_METHOD_MATCH = YES;
				"CODE_SIGN_IDENTITY[sdk=iphoneos*]" = "iPhone Developer";
				COPY_PHASE_STRIP = NO;
				ENABLE_STRICT_OBJC_MSGSEND = YES;
				GCC_C_LANGUAGE_STANDARD = gnu99;
				GCC_DYNAMIC_NO_PIC = NO;
				GCC_OPTIMIZATION_LEVEL = 0;
				GCC_PREPROCESSOR_DEFINITIONS = (
					"DEBUG=1",
					"$(inherited)",
				);
				GCC_SYMBOLS_PRIVATE_EXTERN = NO;
				GCC_WARN_64_TO_32_BIT_CONVERSION = YES;
				GCC_WARN_ABOUT_RETURN_TYPE = YES_ERROR;
				GCC_WARN_UNDECLARED_SELECTOR = YES;
				GCC_WARN_UNINITIALIZED_AUTOS = YES_AGGRESSIVE;
				GCC_WARN_UNUSED_FUNCTION = YES;
				GCC_WARN_UNUSED_VARIABLE = YES;
				IPHONEOS_DEPLOYMENT_TARGET = 8.1;
				MTL_ENABLE_DEBUG_INFO = YES;
				ONLY_ACTIVE_ARCH = YES;
				SDKROOT = iphoneos;
				SWIFT_OPTIMIZATION_LEVEL = "-Onone";
			};
			name = Debug;
		};
		5713D0001AA5259500D65A65 /* Release */ = {
			isa = XCBuildConfiguration;
			buildSettings = {
				ALWAYS_SEARCH_USER_PATHS = NO;
				CLANG_CXX_LANGUAGE_STANDARD = "gnu++0x";
				CLANG_CXX_LIBRARY = "libc++";
				CLANG_ENABLE_MODULES = YES;
				CLANG_ENABLE_OBJC_ARC = YES;
				CLANG_WARN_BOOL_CONVERSION = YES;
				CLANG_WARN_CONSTANT_CONVERSION = YES;
				CLANG_WARN_DIRECT_OBJC_ISA_USAGE = YES_ERROR;
				CLANG_WARN_EMPTY_BODY = YES;
				CLANG_WARN_ENUM_CONVERSION = YES;
				CLANG_WARN_INT_CONVERSION = YES;
				CLANG_WARN_OBJC_ROOT_CLASS = YES_ERROR;
				CLANG_WARN_UNREACHABLE_CODE = YES;
				CLANG_WARN__DUPLICATE_METHOD_MATCH = YES;
				"CODE_SIGN_IDENTITY[sdk=iphoneos*]" = "iPhone Developer";
				COPY_PHASE_STRIP = YES;
				ENABLE_NS_ASSERTIONS = NO;
				ENABLE_STRICT_OBJC_MSGSEND = YES;
				GCC_C_LANGUAGE_STANDARD = gnu99;
				GCC_WARN_64_TO_32_BIT_CONVERSION = YES;
				GCC_WARN_ABOUT_RETURN_TYPE = YES_ERROR;
				GCC_WARN_UNDECLARED_SELECTOR = YES;
				GCC_WARN_UNINITIALIZED_AUTOS = YES_AGGRESSIVE;
				GCC_WARN_UNUSED_FUNCTION = YES;
				GCC_WARN_UNUSED_VARIABLE = YES;
				IPHONEOS_DEPLOYMENT_TARGET = 8.1;
				MTL_ENABLE_DEBUG_INFO = NO;
				SDKROOT = iphoneos;
				VALIDATE_PRODUCT = YES;
			};
			name = Release;
		};
		5713D0021AA5259500D65A65 /* Debug */ = {
			isa = XCBuildConfiguration;
			buildSettings = {
				ASSETCATALOG_COMPILER_APPICON_NAME = AppIcon;
				INFOPLIST_FILE = "Cat Years/Info.plist";
				LD_RUNPATH_SEARCH_PATHS = "$(inherited) @executable_path/Frameworks";
				PRODUCT_NAME = "$(TARGET_NAME)";
			};
			name = Debug;
		};
		5713D0031AA5259500D65A65 /* Release */ = {
			isa = XCBuildConfiguration;
			buildSettings = {
				ASSETCATALOG_COMPILER_APPICON_NAME = AppIcon;
				INFOPLIST_FILE = "Cat Years/Info.plist";
				LD_RUNPATH_SEARCH_PATHS = "$(inherited) @executable_path/Frameworks";
				PRODUCT_NAME = "$(TARGET_NAME)";
			};
			name = Release;
		};
		5713D0051AA5259500D65A65 /* Debug */ = {
			isa = XCBuildConfiguration;
			buildSettings = {
				BUNDLE_LOADER = "$(TEST_HOST)";
				CODE_SIGN_IDENTITY = "iPhone Developer";
				"CODE_SIGN_IDENTITY[sdk=iphoneos*]" = "iPhone Developer";
				FRAMEWORK_SEARCH_PATHS = (
					"$(SDKROOT)/Developer/Library/Frameworks",
					"$(inherited)",
				);
				GCC_PREPROCESSOR_DEFINITIONS = (
					"DEBUG=1",
					"$(inherited)",
				);
				INFOPLIST_FILE = "Cat YearsTests/Info.plist";
				LD_RUNPATH_SEARCH_PATHS = "$(inherited) @executable_path/Frameworks @loader_path/Frameworks";
				PRODUCT_NAME = "$(TARGET_NAME)";
				PROVISIONING_PROFILE = "";
				TEST_HOST = "$(BUILT_PRODUCTS_DIR)/Cat Years.app/Cat Years";
			};
			name = Debug;
		};
		5713D0061AA5259500D65A65 /* Release */ = {
			isa = XCBuildConfiguration;
			buildSettings = {
				BUNDLE_LOADER = "$(TEST_HOST)";
				CODE_SIGN_IDENTITY = "iPhone Developer";
				"CODE_SIGN_IDENTITY[sdk=iphoneos*]" = "iPhone Developer";
				FRAMEWORK_SEARCH_PATHS = (
					"$(SDKROOT)/Developer/Library/Frameworks",
					"$(inherited)",
				);
				INFOPLIST_FILE = "Cat YearsTests/Info.plist";
				LD_RUNPATH_SEARCH_PATHS = "$(inherited) @executable_path/Frameworks @loader_path/Frameworks";
				PRODUCT_NAME = "$(TARGET_NAME)";
				PROVISIONING_PROFILE = "";
				TEST_HOST = "$(BUILT_PRODUCTS_DIR)/Cat Years.app/Cat Years";
			};
			name = Release;
		};
/* End XCBuildConfiguration section */

/* Begin XCConfigurationList section */
		5713CFDD1AA5259500D65A65 /* Build configuration list for PBXProject "Cat Years" */ = {
			isa = XCConfigurationList;
			buildConfigurations = (
				5713CFFF1AA5259500D65A65 /* Debug */,
				5713D0001AA5259500D65A65 /* Release */,
			);
			defaultConfigurationIsVisible = 0;
			defaultConfigurationName = Release;
		};
		5713D0011AA5259500D65A65 /* Build configuration list for PBXNativeTarget "Cat Years" */ = {
			isa = XCConfigurationList;
			buildConfigurations = (
				5713D0021AA5259500D65A65 /* Debug */,
				5713D0031AA5259500D65A65 /* Release */,
			);
			defaultConfigurationIsVisible = 0;
			defaultConfigurationName = Release;
		};
		5713D0041AA5259500D65A65 /* Build configuration list for PBXNativeTarget "Cat YearsTests" */ = {
			isa = XCConfigurationList;
			buildConfigurations = (
				5713D0051AA5259500D65A65 /* Debug */,
				5713D0061AA5259500D65A65 /* Release */,
			);
			defaultConfigurationIsVisible = 0;
			defaultConfigurationName = Release;
		};
/* End XCConfigurationList section */
	};
	rootObject = 5713CFDA1AA5259500D65A65 /* Project object */;
}
